
Microsoft Visual Studio Solution File, Format Version 12.00
# Visual Studio 2012
Project("{FAE04EC0-301F-11D3-BF4B-00C04F79EFBC}") = "Project", "Project\Project.csproj", "{694B6719-3A73-49BF-A1CC-13E648C58775}"
EndProject
Project("{FAE04EC0-301F-11D3-BF4B-00C04F79EFBC}") = "Model", "Models\Model.csproj", "{A4415FCD-740C-4519-92E5-F1CA4EA59C02}"
EndProject
Project("{FAE04EC0-301F-11D3-BF4B-00C04F79EFBC}") = "ProjectSite", "ProjectSite\ProjectSite.csproj", "{A84959B1-8AC8-4571-A2E6-968909B7D85F}"
EndProject
Project("{FAE04EC0-301F-11D3-BF4B-00C04F79EFBC}") = "ModelPort", "ModelPort\ModelPort.csproj", "{2FF450F1-EBE3-4CB5-A308-C437B34EF9C9}"
EndProject
Project("{FAE04EC0-301F-11D3-BF4B-00C04F79EFBC}") = "ProjectREST", "ProjectREST\ProjectREST.csproj", "{67BEDD57-0ABE-4DDE-AF61-F4B27E775F1D}"
EndProject
Project("{FAE04EC0-301F-11D3-BF4B-00C04F79EFBC}") = "ProjectApp", "ProjectApp\ProjectApp.csproj", "{50894E8C-BBC4-4F18-AA7B-4637D8D940D4}"
EndProject
Global
	GlobalSection(SolutionConfigurationPlatforms) = preSolution
		Debug|Any CPU = Debug|Any CPU
		Debug|ARM = Debug|ARM
		Debug|x64 = Debug|x64
		Debug|x86 = Debug|x86
		Release|Any CPU = Release|Any CPU
		Release|ARM = Release|ARM
		Release|x64 = Release|x64
		Release|x86 = Release|x86
	EndGlobalSection
	GlobalSection(ProjectConfigurationPlatforms) = postSolution
		{694B6719-3A73-49BF-A1CC-13E648C58775}.Debug|Any CPU.ActiveCfg = Debug|Any CPU
		{694B6719-3A73-49BF-A1CC-13E648C58775}.Debug|Any CPU.Build.0 = Debug|Any CPU
		{694B6719-3A73-49BF-A1CC-13E648C58775}.Debug|ARM.ActiveCfg = Debug|Any CPU
		{694B6719-3A73-49BF-A1CC-13E648C58775}.Debug|x64.ActiveCfg = Debug|Any CPU
		{694B6719-3A73-49BF-A1CC-13E648C58775}.Debug|x86.ActiveCfg = Debug|Any CPU
		{694B6719-3A73-49BF-A1CC-13E648C58775}.Release|Any CPU.ActiveCfg = Release|Any CPU
		{694B6719-3A73-49BF-A1CC-13E648C58775}.Release|Any CPU.Build.0 = Release|Any CPU
		{694B6719-3A73-49BF-A1CC-13E648C58775}.Release|ARM.ActiveCfg = Release|Any CPU
		{694B6719-3A73-49BF-A1CC-13E648C58775}.Release|x64.ActiveCfg = Release|Any CPU
		{694B6719-3A73-49BF-A1CC-13E648C58775}.Release|x86.ActiveCfg = Release|Any CPU
		{A4415FCD-740C-4519-92E5-F1CA4EA59C02}.Debug|Any CPU.ActiveCfg = Debug|Any CPU
		{A4415FCD-740C-4519-92E5-F1CA4EA59C02}.Debug|Any CPU.Build.0 = Debug|Any CPU
		{A4415FCD-740C-4519-92E5-F1CA4EA59C02}.Debug|ARM.ActiveCfg = Debug|Any CPU
		{A4415FCD-740C-4519-92E5-F1CA4EA59C02}.Debug|x64.ActiveCfg = Debug|Any CPU
		{A4415FCD-740C-4519-92E5-F1CA4EA59C02}.Debug|x86.ActiveCfg = Debug|Any CPU
		{A4415FCD-740C-4519-92E5-F1CA4EA59C02}.Release|Any CPU.ActiveCfg = Release|Any CPU
		{A4415FCD-740C-4519-92E5-F1CA4EA59C02}.Release|Any CPU.Build.0 = Release|Any CPU
		{A4415FCD-740C-4519-92E5-F1CA4EA59C02}.Release|ARM.ActiveCfg = Release|Any CPU
		{A4415FCD-740C-4519-92E5-F1CA4EA59C02}.Release|x64.ActiveCfg = Release|Any CPU
		{A4415FCD-740C-4519-92E5-F1CA4EA59C02}.Release|x86.ActiveCfg = Release|Any CPU
		{A84959B1-8AC8-4571-A2E6-968909B7D85F}.Debug|Any CPU.ActiveCfg = Debug|Any CPU
		{A84959B1-8AC8-4571-A2E6-968909B7D85F}.Debug|Any CPU.Build.0 = Debug|Any CPU
		{A84959B1-8AC8-4571-A2E6-968909B7D85F}.Debug|ARM.ActiveCfg = Debug|Any CPU
		{A84959B1-8AC8-4571-A2E6-968909B7D85F}.Debug|x64.ActiveCfg = Debug|Any CPU
		{A84959B1-8AC8-4571-A2E6-968909B7D85F}.Debug|x86.ActiveCfg = Debug|Any CPU
		{A84959B1-8AC8-4571-A2E6-968909B7D85F}.Release|Any CPU.ActiveCfg = Release|Any CPU
		{A84959B1-8AC8-4571-A2E6-968909B7D85F}.Release|Any CPU.Build.0 = Release|Any CPU
		{A84959B1-8AC8-4571-A2E6-968909B7D85F}.Release|ARM.ActiveCfg = Release|Any CPU
		{A84959B1-8AC8-4571-A2E6-968909B7D85F}.Release|x64.ActiveCfg = Release|Any CPU
		{A84959B1-8AC8-4571-A2E6-968909B7D85F}.Release|x86.ActiveCfg = Release|Any CPU
		{2FF450F1-EBE3-4CB5-A308-C437B34EF9C9}.Debug|Any CPU.ActiveCfg = Debug|Any CPU
		{2FF450F1-EBE3-4CB5-A308-C437B34EF9C9}.Debug|Any CPU.Build.0 = Debug|Any CPU
		{2FF450F1-EBE3-4CB5-A308-C437B34EF9C9}.Debug|ARM.ActiveCfg = Debug|Any CPU
		{2FF450F1-EBE3-4CB5-A308-C437B34EF9C9}.Debug|x64.ActiveCfg = Debug|Any CPU
		{2FF450F1-EBE3-4CB5-A308-C437B34EF9C9}.Debug|x86.ActiveCfg = Debug|Any CPU
		{2FF450F1-EBE3-4CB5-A308-C437B34EF9C9}.Release|Any CPU.ActiveCfg = Release|Any CPU
		{2FF450F1-EBE3-4CB5-A308-C437B34EF9C9}.Release|Any CPU.Build.0 = Release|Any CPU
		{2FF450F1-EBE3-4CB5-A308-C437B34EF9C9}.Release|ARM.ActiveCfg = Release|Any CPU
		{2FF450F1-EBE3-4CB5-A308-C437B34EF9C9}.Release|x64.ActiveCfg = Release|Any CPU
		{2FF450F1-EBE3-4CB5-A308-C437B34EF9C9}.Release|x86.ActiveCfg = Release|Any CPU
		{67BEDD57-0ABE-4DDE-AF61-F4B27E775F1D}.Debug|Any CPU.ActiveCfg = Debug|Any CPU
		{67BEDD57-0ABE-4DDE-AF61-F4B27E775F1D}.Debug|Any CPU.Build.0 = Debug|Any CPU
		{67BEDD57-0ABE-4DDE-AF61-F4B27E775F1D}.Debug|ARM.ActiveCfg = Debug|Any CPU
		{67BEDD57-0ABE-4DDE-AF61-F4B27E775F1D}.Debug|x64.ActiveCfg = Debug|Any CPU
		{67BEDD57-0ABE-4DDE-AF61-F4B27E775F1D}.Debug|x86.ActiveCfg = Debug|Any CPU
		{67BEDD57-0ABE-4DDE-AF61-F4B27E775F1D}.Release|Any CPU.ActiveCfg = Release|Any CPU
		{67BEDD57-0ABE-4DDE-AF61-F4B27E775F1D}.Release|Any CPU.Build.0 = Release|Any CPU
		{67BEDD57-0ABE-4DDE-AF61-F4B27E775F1D}.Release|ARM.ActiveCfg = Release|Any CPU
		{67BEDD57-0ABE-4DDE-AF61-F4B27E775F1D}.Release|x64.ActiveCfg = Release|Any CPU
		{67BEDD57-0ABE-4DDE-AF61-F4B27E775F1D}.Release|x86.ActiveCfg = Release|Any CPU
		{50894E8C-BBC4-4F18-AA7B-4637D8D940D4}.Debug|Any CPU.ActiveCfg = Debug|Any CPU
		{50894E8C-BBC4-4F18-AA7B-4637D8D940D4}.Debug|Any CPU.Build.0 = Debug|Any CPU
		{50894E8C-BBC4-4F18-AA7B-4637D8D940D4}.Debug|Any CPU.Deploy.0 = Debug|Any CPU
		{50894E8C-BBC4-4F18-AA7B-4637D8D940D4}.Debug|ARM.ActiveCfg = Debug|ARM
		{50894E8C-BBC4-4F18-AA7B-4637D8D940D4}.Debug|ARM.Build.0 = Debug|ARM
		{50894E8C-BBC4-4F18-AA7B-4637D8D940D4}.Debug|ARM.Deploy.0 = Debug|ARM
		{50894E8C-BBC4-4F18-AA7B-4637D8D940D4}.Debug|x64.ActiveCfg = Debug|x64
		{50894E8C-BBC4-4F18-AA7B-4637D8D940D4}.Debug|x64.Build.0 = Debug|x64
		{50894E8C-BBC4-4F18-AA7B-4637D8D940D4}.Debug|x64.Deploy.0 = Debug|x64
		{50894E8C-BBC4-4F18-AA7B-4637D8D940D4}.Debug|x86.ActiveCfg = Debug|x86
		{50894E8C-BBC4-4F18-AA7B-4637D8D940D4}.Debug|x86.Build.0 = Debug|x86
		{50894E8C-BBC4-4F18-AA7B-4637D8D940D4}.Debug|x86.Deploy.0 = Debug|x86
		{50894E8C-BBC4-4F18-AA7B-4637D8D940D4}.Release|Any CPU.ActiveCfg = Release|Any CPU
		{50894E8C-BBC4-4F18-AA7B-4637D8D940D4}.Release|Any CPU.Build.0 = Release|Any CPU
		{50894E8C-BBC4-4F18-AA7B-4637D8D940D4}.Release|Any CPU.Deploy.0 = Release|Any CPU
		{50894E8C-BBC4-4F18-AA7B-4637D8D940D4}.Release|ARM.ActiveCfg = Release|ARM
		{50894E8C-BBC4-4F18-AA7B-4637D8D940D4}.Release|ARM.Build.0 = Release|ARM
		{50894E8C-BBC4-4F18-AA7B-4637D8D940D4}.Release|ARM.Deploy.0 = Release|ARM
		{50894E8C-BBC4-4F18-AA7B-4637D8D940D4}.Release|x64.ActiveCfg = Release|x64
		{50894E8C-BBC4-4F18-AA7B-4637D8D940D4}.Release|x64.Build.0 = Release|x64
		{50894E8C-BBC4-4F18-AA7B-4637D8D940D4}.Release|x64.Deploy.0 = Release|x64
		{50894E8C-BBC4-4F18-AA7B-4637D8D940D4}.Release|x86.ActiveCfg = Release|x86
		{50894E8C-BBC4-4F18-AA7B-4637D8D940D4}.Release|x86.Build.0 = Release|x86
		{50894E8C-BBC4-4F18-AA7B-4637D8D940D4}.Release|x86.Deploy.0 = Release|x86
	EndGlobalSection
	GlobalSection(SolutionProperties) = preSolution
		HideSolutionNode = FALSE
	EndGlobalSection
EndGlobal
